
Microsoft Visual Studio Solution File, Format Version 12.00
# Visual Studio 15
Project("{FAE04EC0-301F-11D3-BF4B-00C04F79EFBC}") = "ProjectAboutProjects", "ProjectAboutProjects.csproj", "{AAD18B0B-5F0E-4C6D-8663-EFBEF1D7ABD9}"
EndProject
Global
	GlobalSection(SolutionConfigurationPlatforms) = preSolution
		Debug|Any CPU = Debug|Any CPU
		Release|Any CPU = Release|Any CPU
	EndGlobalSection
	GlobalSection(ProjectConfigurationPlatforms) = postSolution
		{AAD18B0B-5F0E-4C6D-8663-EFBEF1D7ABD9}.Debug|Any CPU.ActiveCfg = Debug|Any CPU
		{AAD18B0B-5F0E-4C6D-8663-EFBEF1D7ABD9}.Debug|Any CPU.Build.0 = Debug|Any CPU
		{AAD18B0B-5F0E-4C6D-8663-EFBEF1D7ABD9}.Release|Any CPU.ActiveCfg = Release|Any CPU
		{AAD18B0B-5F0E-4C6D-8663-EFBEF1D7ABD9}.Release|Any CPU.Build.0 = Release|Any CPU
	EndGlobalSection
EndGlobal
